
Microsoft Visual Studio Solution File, Format Version 12.00
# Visual Studio 15
VisualStudioVersion = 15.0.28307.1062
MinimumVisualStudioVersion = 10.0.40219.1
Project("{FAE04EC0-301F-11D3-BF4B-00C04F79EFBC}") = "PFSP_HID", "PFSP_HID\PFSP_HID.csproj", "{4DDAD3F7-6BB8-40A7-8885-FD3622988EFB}"
EndProject
Project("{FAE04EC0-301F-11D3-BF4B-00C04F79EFBC}") = "PFSP_Console_TEST", "PFSP_Console_TEST\PFSP_Console_TEST.csproj", "{936D9A6A-9D79-4475-A5CC-E949B42DE1B2}"
EndProject
Project("{2150E333-8FDC-42A3-9474-1A3956D46DE8}") = "Doc", "Doc", "{5A146E50-239C-4D83-B99F-8F90DD568676}"
	ProjectSection(SolutionItems) = preProject
		LICENSE = LICENSE
		README.md = README.md
	EndProjectSection
EndProject
Global
	GlobalSection(SolutionConfigurationPlatforms) = preSolution
		Debug|Any CPU = Debug|Any CPU
		Release|Any CPU = Release|Any CPU
	EndGlobalSection
	GlobalSection(ProjectConfigurationPlatforms) = postSolution
		{4DDAD3F7-6BB8-40A7-8885-FD3622988EFB}.Debug|Any CPU.ActiveCfg = Debug|Any CPU
		{4DDAD3F7-6BB8-40A7-8885-FD3622988EFB}.Debug|Any CPU.Build.0 = Debug|Any CPU
		{4DDAD3F7-6BB8-40A7-8885-FD3622988EFB}.Release|Any CPU.ActiveCfg = Release|Any CPU
		{4DDAD3F7-6BB8-40A7-8885-FD3622988EFB}.Release|Any CPU.Build.0 = Release|Any CPU
		{936D9A6A-9D79-4475-A5CC-E949B42DE1B2}.Debug|Any CPU.ActiveCfg = Debug|Any CPU
		{936D9A6A-9D79-4475-A5CC-E949B42DE1B2}.Debug|Any CPU.Build.0 = Debug|Any CPU
		{936D9A6A-9D79-4475-A5CC-E949B42DE1B2}.Release|Any CPU.ActiveCfg = Release|Any CPU
		{936D9A6A-9D79-4475-A5CC-E949B42DE1B2}.Release|Any CPU.Build.0 = Release|Any CPU
	EndGlobalSection
	GlobalSection(SolutionProperties) = preSolution
		HideSolutionNode = FALSE
	EndGlobalSection
	GlobalSection(ExtensibilityGlobals) = postSolution
		SolutionGuid = {1C65F05B-2B48-415E-9FDA-6C764E8C5484}
	EndGlobalSection
EndGlobal
